// !$*UTF8*$!
{
	archiveVersion = 1;
	classes = {
	};
	objectVersion = 46;
	objects = {

/* Begin PBXBuildFile section */
		1F132273199A908F00A71761 /* Foundation.framework in Frameworks */ = {isa = PBXBuildFile; fileRef = 1F132272199A908F00A71761 /* Foundation.framework */; };
		1F132275199A908F00A71761 /* CoreGraphics.framework in Frameworks */ = {isa = PBXBuildFile; fileRef = 1F132274199A908F00A71761 /* CoreGraphics.framework */; };
		1F132277199A908F00A71761 /* UIKit.framework in Frameworks */ = {isa = PBXBuildFile; fileRef = 1F132276199A908F00A71761 /* UIKit.framework */; };
		1F13227D199A908F00A71761 /* InfoPlist.strings in Resources */ = {isa = PBXBuildFile; fileRef = 1F13227B199A908F00A71761 /* InfoPlist.strings */; };
		1F13227F199A908F00A71761 /* main.m in Sources */ = {isa = PBXBuildFile; fileRef = 1F13227E199A908F00A71761 /* main.m */; };
		1F132283199A908F00A71761 /* NMAppDelegate.m in Sources */ = {isa = PBXBuildFile; fileRef = 1F132282199A908F00A71761 /* NMAppDelegate.m */; };
		1F13228E199A908F00A71761 /* Images.xcassets in Resources */ = {isa = PBXBuildFile; fileRef = 1F13228D199A908F00A71761 /* Images.xcassets */; };
		1F132295199A908F00A71761 /* XCTest.framework in Frameworks */ = {isa = PBXBuildFile; fileRef = 1F132294199A908F00A71761 /* XCTest.framework */; };
		1F132296199A908F00A71761 /* Foundation.framework in Frameworks */ = {isa = PBXBuildFile; fileRef = 1F132272199A908F00A71761 /* Foundation.framework */; };
		1F132297199A908F00A71761 /* UIKit.framework in Frameworks */ = {isa = PBXBuildFile; fileRef = 1F132276199A908F00A71761 /* UIKit.framework */; };
		1F13229F199A908F00A71761 /* InfoPlist.strings in Resources */ = {isa = PBXBuildFile; fileRef = 1F13229D199A908F00A71761 /* InfoPlist.strings */; };
		1F1322A1199A908F00A71761 /* NotifyMeTests.m in Sources */ = {isa = PBXBuildFile; fileRef = 1F1322A0199A908F00A71761 /* NotifyMeTests.m */; };
		1F20A9CC199E5B0300238890 /* NMDeviceTableViewController.m in Sources */ = {isa = PBXBuildFile; fileRef = 1F20A9CB199E5B0300238890 /* NMDeviceTableViewController.m */; };
		1F20A9D2199E82F400238890 /* Main_iPhone.storyboard in Resources */ = {isa = PBXBuildFile; fileRef = 1F20A9D1199E82F400238890 /* Main_iPhone.storyboard */; };
		1F20A9D5199E87F500238890 /* NMReceiveDetailTableViewController.m in Sources */ = {isa = PBXBuildFile; fileRef = 1F20A9D4199E87F500238890 /* NMReceiveDetailTableViewController.m */; };
		1F386D6D199BBE0F000947D6 /* NMSendPushTableViewController.m in Sources */ = {isa = PBXBuildFile; fileRef = 1F386D6C199BBE0F000947D6 /* NMSendPushTableViewController.m */; };
		1F386D70199BBE23000947D6 /* NMReceiveTableViewController.m in Sources */ = {isa = PBXBuildFile; fileRef = 1F386D6F199BBE23000947D6 /* NMReceiveTableViewController.m */; };
		1F386D73199BBFB8000947D6 /* NMPushNotification.m in Sources */ = {isa = PBXBuildFile; fileRef = 1F386D72199BBFB8000947D6 /* NMPushNotification.m */; };
		1F4BB18D199A94EE00C521A7 /* ContextHub.framework in Frameworks */ = {isa = PBXBuildFile; fileRef = 1F4BB18C199A94EE00C521A7 /* ContextHub.framework */; };
		1F4BB18F199A94FC00C521A7 /* README.md in Resources */ = {isa = PBXBuildFile; fileRef = 1F4BB18E199A94FC00C521A7 /* README.md */; };
		1F4BB191199A950200C521A7 /* release_notes.md in Resources */ = {isa = PBXBuildFile; fileRef = 1F4BB190199A950200C521A7 /* release_notes.md */; };
		1F4BB193199A950700C521A7 /* LICENSE in Resources */ = {isa = PBXBuildFile; fileRef = 1F4BB192199A950700C521A7 /* LICENSE */; };
		1F4BB19E199AA49300C521A7 /* NMTabBarController.m in Sources */ = {isa = PBXBuildFile; fileRef = 1F4BB19D199AA49300C521A7 /* NMTabBarController.m */; };
		1F4BB1A1199AA56800C521A7 /* NMAboutTableViewController.m in Sources */ = {isa = PBXBuildFile; fileRef = 1F4BB1A0199AA56800C521A7 /* NMAboutTableViewController.m */; };
		1FF32812199C3E3500F4BE0B /* CoreLocation.framework in Frameworks */ = {isa = PBXBuildFile; fileRef = 1FF32811199C3E3500F4BE0B /* CoreLocation.framework */; };
		1FF32814199C3E3D00F4BE0B /* CoreMotion.framework in Frameworks */ = {isa = PBXBuildFile; fileRef = 1FF32813199C3E3D00F4BE0B /* CoreMotion.framework */; };
		1FF32816199C3E4400F4BE0B /* MobileCoreServices.framework in Frameworks */ = {isa = PBXBuildFile; fileRef = 1FF32815199C3E4400F4BE0B /* MobileCoreServices.framework */; };
		1FF32819199D562D00F4BE0B /* NMPushNotificationStore.m in Sources */ = {isa = PBXBuildFile; fileRef = 1FF32818199D562D00F4BE0B /* NMPushNotificationStore.m */; };
		1FF3281C199D5A5B00F4BE0B /* NMReceiveTableViewCell.m in Sources */ = {isa = PBXBuildFile; fileRef = 1FF3281B199D5A5B00F4BE0B /* NMReceiveTableViewCell.m */; };
/* End PBXBuildFile section */

/* Begin PBXContainerItemProxy section */
		1F132298199A908F00A71761 /* PBXContainerItemProxy */ = {
			isa = PBXContainerItemProxy;
			containerPortal = 1F132267199A908E00A71761 /* Project object */;
			proxyType = 1;
			remoteGlobalIDString = 1F13226E199A908E00A71761;
			remoteInfo = NotifyMe;
		};
/* End PBXContainerItemProxy section */

/* Begin PBXFileReference section */
		1F13226F199A908F00A71761 /* NotifyMe.app */ = {isa = PBXFileReference; explicitFileType = wrapper.application; includeInIndex = 0; path = NotifyMe.app; sourceTree = BUILT_PRODUCTS_DIR; };
		1F132272199A908F00A71761 /* Foundation.framework */ = {isa = PBXFileReference; lastKnownFileType = wrapper.framework; name = Foundation.framework; path = System/Library/Frameworks/Foundation.framework; sourceTree = SDKROOT; };
		1F132274199A908F00A71761 /* CoreGraphics.framework */ = {isa = PBXFileReference; lastKnownFileType = wrapper.framework; name = CoreGraphics.framework; path = System/Library/Frameworks/CoreGraphics.framework; sourceTree = SDKROOT; };
		1F132276199A908F00A71761 /* UIKit.framework */ = {isa = PBXFileReference; lastKnownFileType = wrapper.framework; name = UIKit.framework; path = System/Library/Frameworks/UIKit.framework; sourceTree = SDKROOT; };
		1F13227A199A908F00A71761 /* NotifyMe-Info.plist */ = {isa = PBXFileReference; lastKnownFileType = text.plist.xml; path = "NotifyMe-Info.plist"; sourceTree = "<group>"; };
		1F13227C199A908F00A71761 /* en */ = {isa = PBXFileReference; lastKnownFileType = text.plist.strings; name = en; path = en.lproj/InfoPlist.strings; sourceTree = "<group>"; };
		1F13227E199A908F00A71761 /* main.m */ = {isa = PBXFileReference; lastKnownFileType = sourcecode.c.objc; path = main.m; sourceTree = "<group>"; };
		1F132280199A908F00A71761 /* NotifyMe-Prefix.pch */ = {isa = PBXFileReference; lastKnownFileType = sourcecode.c.h; path = "NotifyMe-Prefix.pch"; sourceTree = "<group>"; };
		1F132281199A908F00A71761 /* NMAppDelegate.h */ = {isa = PBXFileReference; lastKnownFileType = sourcecode.c.h; path = NMAppDelegate.h; sourceTree = "<group>"; };
		1F132282199A908F00A71761 /* NMAppDelegate.m */ = {isa = PBXFileReference; lastKnownFileType = sourcecode.c.objc; path = NMAppDelegate.m; sourceTree = "<group>"; };
		1F13228D199A908F00A71761 /* Images.xcassets */ = {isa = PBXFileReference; lastKnownFileType = folder.assetcatalog; path = Images.xcassets; sourceTree = "<group>"; };
		1F132293199A908F00A71761 /* NotifyMeTests.xctest */ = {isa = PBXFileReference; explicitFileType = wrapper.cfbundle; includeInIndex = 0; path = NotifyMeTests.xctest; sourceTree = BUILT_PRODUCTS_DIR; };
		1F132294199A908F00A71761 /* XCTest.framework */ = {isa = PBXFileReference; lastKnownFileType = wrapper.framework; name = XCTest.framework; path = Library/Frameworks/XCTest.framework; sourceTree = DEVELOPER_DIR; };
		1F13229C199A908F00A71761 /* NotifyMeTests-Info.plist */ = {isa = PBXFileReference; lastKnownFileType = text.plist.xml; path = "NotifyMeTests-Info.plist"; sourceTree = "<group>"; };
		1F13229E199A908F00A71761 /* en */ = {isa = PBXFileReference; lastKnownFileType = text.plist.strings; name = en; path = en.lproj/InfoPlist.strings; sourceTree = "<group>"; };
		1F1322A0199A908F00A71761 /* NotifyMeTests.m */ = {isa = PBXFileReference; lastKnownFileType = sourcecode.c.objc; path = NotifyMeTests.m; sourceTree = "<group>"; };
		1F20A9CA199E5B0300238890 /* NMDeviceTableViewController.h */ = {isa = PBXFileReference; fileEncoding = 4; lastKnownFileType = sourcecode.c.h; name = NMDeviceTableViewController.h; path = "View Controllers/Tabs/NMDeviceTableViewController.h"; sourceTree = "<group>"; };
		1F20A9CB199E5B0300238890 /* NMDeviceTableViewController.m */ = {isa = PBXFileReference; fileEncoding = 4; lastKnownFileType = sourcecode.c.objc; name = NMDeviceTableViewController.m; path = "View Controllers/Tabs/NMDeviceTableViewController.m"; sourceTree = "<group>"; };
		1F20A9D1199E82F400238890 /* Main_iPhone.storyboard */ = {isa = PBXFileReference; fileEncoding = 4; lastKnownFileType = file.storyboard; path = Main_iPhone.storyboard; sourceTree = "<group>"; };
		1F20A9D3199E87F500238890 /* NMReceiveDetailTableViewController.h */ = {isa = PBXFileReference; fileEncoding = 4; lastKnownFileType = sourcecode.c.h; name = NMReceiveDetailTableViewController.h; path = "View Controllers/Tabs/Receive/NMReceiveDetailTableViewController.h"; sourceTree = "<group>"; };
		1F20A9D4199E87F500238890 /* NMReceiveDetailTableViewController.m */ = {isa = PBXFileReference; fileEncoding = 4; lastKnownFileType = sourcecode.c.objc; name = NMReceiveDetailTableViewController.m; path = "View Controllers/Tabs/Receive/NMReceiveDetailTableViewController.m"; sourceTree = "<group>"; };
		1F386D6B199BBE0F000947D6 /* NMSendPushTableViewController.h */ = {isa = PBXFileReference; fileEncoding = 4; lastKnownFileType = sourcecode.c.h; name = NMSendPushTableViewController.h; path = "View Controllers/Tabs/NMSendPushTableViewController.h"; sourceTree = "<group>"; };
		1F386D6C199BBE0F000947D6 /* NMSendPushTableViewController.m */ = {isa = PBXFileReference; fileEncoding = 4; lastKnownFileType = sourcecode.c.objc; name = NMSendPushTableViewController.m; path = "View Controllers/Tabs/NMSendPushTableViewController.m"; sourceTree = "<group>"; };
		1F386D6E199BBE23000947D6 /* NMReceiveTableViewController.h */ = {isa = PBXFileReference; fileEncoding = 4; lastKnownFileType = sourcecode.c.h; name = NMReceiveTableViewController.h; path = "View Controllers/Tabs/NMReceiveTableViewController.h"; sourceTree = "<group>"; };
		1F386D6F199BBE23000947D6 /* NMReceiveTableViewController.m */ = {isa = PBXFileReference; fileEncoding = 4; lastKnownFileType = sourcecode.c.objc; name = NMReceiveTableViewController.m; path = "View Controllers/Tabs/NMReceiveTableViewController.m"; sourceTree = "<group>"; };
		1F386D71199BBFB8000947D6 /* NMPushNotification.h */ = {isa = PBXFileReference; fileEncoding = 4; lastKnownFileType = sourcecode.c.h; name = NMPushNotification.h; path = Models/NMPushNotification.h; sourceTree = "<group>"; };
		1F386D72199BBFB8000947D6 /* NMPushNotification.m */ = {isa = PBXFileReference; fileEncoding = 4; lastKnownFileType = sourcecode.c.objc; name = NMPushNotification.m; path = Models/NMPushNotification.m; sourceTree = "<group>"; };
		1F4BB18C199A94EE00C521A7 /* ContextHub.framework */ = {isa = PBXFileReference; lastKnownFileType = wrapper.framework; path = ContextHub.framework; sourceTree = "<group>"; };
		1F4BB18E199A94FC00C521A7 /* README.md */ = {isa = PBXFileReference; fileEncoding = 4; lastKnownFileType = text; path = README.md; sourceTree = "<group>"; };
		1F4BB190199A950200C521A7 /* release_notes.md */ = {isa = PBXFileReference; fileEncoding = 4; lastKnownFileType = text; path = release_notes.md; sourceTree = "<group>"; };
		1F4BB192199A950700C521A7 /* LICENSE */ = {isa = PBXFileReference; fileEncoding = 4; lastKnownFileType = text; path = LICENSE; sourceTree = "<group>"; };
		1F4BB19C199AA49300C521A7 /* NMTabBarController.h */ = {isa = PBXFileReference; fileEncoding = 4; lastKnownFileType = sourcecode.c.h; name = NMTabBarController.h; path = "View Controllers/NMTabBarController.h"; sourceTree = "<group>"; };
		1F4BB19D199AA49300C521A7 /* NMTabBarController.m */ = {isa = PBXFileReference; fileEncoding = 4; lastKnownFileType = sourcecode.c.objc; name = NMTabBarController.m; path = "View Controllers/NMTabBarController.m"; sourceTree = "<group>"; };
		1F4BB19F199AA56800C521A7 /* NMAboutTableViewController.h */ = {isa = PBXFileReference; fileEncoding = 4; lastKnownFileType = sourcecode.c.h; name = NMAboutTableViewController.h; path = "View Controllers/Tabs/NMAboutTableViewController.h"; sourceTree = "<group>"; };
		1F4BB1A0199AA56800C521A7 /* NMAboutTableViewController.m */ = {isa = PBXFileReference; fileEncoding = 4; lastKnownFileType = sourcecode.c.objc; name = NMAboutTableViewController.m; path = "View Controllers/Tabs/NMAboutTableViewController.m"; sourceTree = "<group>"; };
		1FF3280D199C3AC000F4BE0B /* NMConstants.h */ = {isa = PBXFileReference; lastKnownFileType = sourcecode.c.h; path = NMConstants.h; sourceTree = "<group>"; };
		1FF32811199C3E3500F4BE0B /* CoreLocation.framework */ = {isa = PBXFileReference; lastKnownFileType = wrapper.framework; name = CoreLocation.framework; path = System/Library/Frameworks/CoreLocation.framework; sourceTree = SDKROOT; };
		1FF32813199C3E3D00F4BE0B /* CoreMotion.framework */ = {isa = PBXFileReference; lastKnownFileType = wrapper.framework; name = CoreMotion.framework; path = System/Library/Frameworks/CoreMotion.framework; sourceTree = SDKROOT; };
		1FF32815199C3E4400F4BE0B /* MobileCoreServices.framework */ = {isa = PBXFileReference; lastKnownFileType = wrapper.framework; name = MobileCoreServices.framework; path = System/Library/Frameworks/MobileCoreServices.framework; sourceTree = SDKROOT; };
		1FF32817199D562D00F4BE0B /* NMPushNotificationStore.h */ = {isa = PBXFileReference; fileEncoding = 4; lastKnownFileType = sourcecode.c.h; name = NMPushNotificationStore.h; path = Models/NMPushNotificationStore.h; sourceTree = "<group>"; };
		1FF32818199D562D00F4BE0B /* NMPushNotificationStore.m */ = {isa = PBXFileReference; fileEncoding = 4; lastKnownFileType = sourcecode.c.objc; name = NMPushNotificationStore.m; path = Models/NMPushNotificationStore.m; sourceTree = "<group>"; };
		1FF3281A199D5A5B00F4BE0B /* NMReceiveTableViewCell.h */ = {isa = PBXFileReference; fileEncoding = 4; lastKnownFileType = sourcecode.c.h; name = NMReceiveTableViewCell.h; path = Views/NMReceiveTableViewCell.h; sourceTree = "<group>"; };
		1FF3281B199D5A5B00F4BE0B /* NMReceiveTableViewCell.m */ = {isa = PBXFileReference; fileEncoding = 4; lastKnownFileType = sourcecode.c.objc; name = NMReceiveTableViewCell.m; path = Views/NMReceiveTableViewCell.m; sourceTree = "<group>"; };
/* End PBXFileReference section */

/* Begin PBXFrameworksBuildPhase section */
		1F13226C199A908E00A71761 /* Frameworks */ = {
			isa = PBXFrameworksBuildPhase;
			buildActionMask = 2147483647;
			files = (
				1FF32816199C3E4400F4BE0B /* MobileCoreServices.framework in Frameworks */,
				1FF32814199C3E3D00F4BE0B /* CoreMotion.framework in Frameworks */,
				1FF32812199C3E3500F4BE0B /* CoreLocation.framework in Frameworks */,
				1F4BB18D199A94EE00C521A7 /* ContextHub.framework in Frameworks */,
				1F132275199A908F00A71761 /* CoreGraphics.framework in Frameworks */,
				1F132277199A908F00A71761 /* UIKit.framework in Frameworks */,
				1F132273199A908F00A71761 /* Foundation.framework in Frameworks */,
			);
			runOnlyForDeploymentPostprocessing = 0;
		};
		1F132290199A908F00A71761 /* Frameworks */ = {
			isa = PBXFrameworksBuildPhase;
			buildActionMask = 2147483647;
			files = (
				1F132295199A908F00A71761 /* XCTest.framework in Frameworks */,
				1F132297199A908F00A71761 /* UIKit.framework in Frameworks */,
				1F132296199A908F00A71761 /* Foundation.framework in Frameworks */,
			);
			runOnlyForDeploymentPostprocessing = 0;
		};
/* End PBXFrameworksBuildPhase section */

/* Begin PBXGroup section */
		1F132266199A908E00A71761 = {
			isa = PBXGroup;
			children = (
				1F132278199A908F00A71761 /* NotifyMe */,
				1F13229A199A908F00A71761 /* NotifyMeTests */,
				1F132271199A908F00A71761 /* Frameworks */,
				1F132270199A908F00A71761 /* Products */,
				1F4BB18E199A94FC00C521A7 /* README.md */,
				1F4BB190199A950200C521A7 /* release_notes.md */,
				1F4BB192199A950700C521A7 /* LICENSE */,
			);
			sourceTree = "<group>";
		};
		1F132270199A908F00A71761 /* Products */ = {
			isa = PBXGroup;
			children = (
				1F13226F199A908F00A71761 /* NotifyMe.app */,
				1F132293199A908F00A71761 /* NotifyMeTests.xctest */,
			);
			name = Products;
			sourceTree = "<group>";
		};
		1F132271199A908F00A71761 /* Frameworks */ = {
			isa = PBXGroup;
			children = (
				1F4BB18C199A94EE00C521A7 /* ContextHub.framework */,
				1F132274199A908F00A71761 /* CoreGraphics.framework */,
				1FF32811199C3E3500F4BE0B /* CoreLocation.framework */,
				1FF32813199C3E3D00F4BE0B /* CoreMotion.framework */,
				1F132272199A908F00A71761 /* Foundation.framework */,
				1FF32815199C3E4400F4BE0B /* MobileCoreServices.framework */,
				1F132276199A908F00A71761 /* UIKit.framework */,
				1F132294199A908F00A71761 /* XCTest.framework */,
			);
			name = Frameworks;
			sourceTree = "<group>";
		};
		1F132278199A908F00A71761 /* NotifyMe */ = {
			isa = PBXGroup;
			children = (
				1F4BB194199A951D00C521A7 /* Models */,
				1F4BB195199A952300C521A7 /* Views */,
				1F4BB196199A952800C521A7 /* View Controllers */,
				1F132281199A908F00A71761 /* NMAppDelegate.h */,
				1F132282199A908F00A71761 /* NMAppDelegate.m */,
				1FF3280D199C3AC000F4BE0B /* NMConstants.h */,
				1F13228D199A908F00A71761 /* Images.xcassets */,
				1F20A9D1199E82F400238890 /* Main_iPhone.storyboard */,
				1F132279199A908F00A71761 /* Supporting Files */,
			);
			path = NotifyMe;
			sourceTree = "<group>";
		};
		1F132279199A908F00A71761 /* Supporting Files */ = {
			isa = PBXGroup;
			children = (
				1F13227A199A908F00A71761 /* NotifyMe-Info.plist */,
				1F13227B199A908F00A71761 /* InfoPlist.strings */,
				1F13227E199A908F00A71761 /* main.m */,
				1F132280199A908F00A71761 /* NotifyMe-Prefix.pch */,
			);
			name = "Supporting Files";
			sourceTree = "<group>";
		};
		1F13229A199A908F00A71761 /* NotifyMeTests */ = {
			isa = PBXGroup;
			children = (
				1F1322A0199A908F00A71761 /* NotifyMeTests.m */,
				1F13229B199A908F00A71761 /* Supporting Files */,
			);
			path = NotifyMeTests;
			sourceTree = "<group>";
		};
		1F13229B199A908F00A71761 /* Supporting Files */ = {
			isa = PBXGroup;
			children = (
				1F13229C199A908F00A71761 /* NotifyMeTests-Info.plist */,
				1F13229D199A908F00A71761 /* InfoPlist.strings */,
			);
			name = "Supporting Files";
			sourceTree = "<group>";
		};
		1F20A9D0199E82AC00238890 /* Receive */ = {
			isa = PBXGroup;
			children = (
				1F20A9D3199E87F500238890 /* NMReceiveDetailTableViewController.h */,
				1F20A9D4199E87F500238890 /* NMReceiveDetailTableViewController.m */,
			);
			name = Receive;
			sourceTree = "<group>";
		};
		1F4BB194199A951D00C521A7 /* Models */ = {
			isa = PBXGroup;
			children = (
				1F386D71199BBFB8000947D6 /* NMPushNotification.h */,
				1F386D72199BBFB8000947D6 /* NMPushNotification.m */,
				1FF32817199D562D00F4BE0B /* NMPushNotificationStore.h */,
				1FF32818199D562D00F4BE0B /* NMPushNotificationStore.m */,
			);
			name = Models;
			sourceTree = "<group>";
		};
		1F4BB195199A952300C521A7 /* Views */ = {
			isa = PBXGroup;
			children = (
				1FF3281A199D5A5B00F4BE0B /* NMReceiveTableViewCell.h */,
				1FF3281B199D5A5B00F4BE0B /* NMReceiveTableViewCell.m */,
			);
			name = Views;
			sourceTree = "<group>";
		};
		1F4BB196199A952800C521A7 /* View Controllers */ = {
			isa = PBXGroup;
			children = (
				1F4BB19B199AA45500C521A7 /* Tabs */,
				1F4BB19C199AA49300C521A7 /* NMTabBarController.h */,
				1F4BB19D199AA49300C521A7 /* NMTabBarController.m */,
			);
			name = "View Controllers";
			sourceTree = "<group>";
		};
		1F4BB19B199AA45500C521A7 /* Tabs */ = {
			isa = PBXGroup;
			children = (
				1F20A9D0199E82AC00238890 /* Receive */,
				1F386D6B199BBE0F000947D6 /* NMSendPushTableViewController.h */,
				1F386D6C199BBE0F000947D6 /* NMSendPushTableViewController.m */,
				1F386D6E199BBE23000947D6 /* NMReceiveTableViewController.h */,
				1F386D6F199BBE23000947D6 /* NMReceiveTableViewController.m */,
				1F20A9CA199E5B0300238890 /* NMDeviceTableViewController.h */,
				1F20A9CB199E5B0300238890 /* NMDeviceTableViewController.m */,
				1F4BB19F199AA56800C521A7 /* NMAboutTableViewController.h */,
				1F4BB1A0199AA56800C521A7 /* NMAboutTableViewController.m */,
			);
			name = Tabs;
			sourceTree = "<group>";
		};
/* End PBXGroup section */

/* Begin PBXNativeTarget section */
		1F13226E199A908E00A71761 /* NotifyMe */ = {
			isa = PBXNativeTarget;
			buildConfigurationList = 1F1322A4199A908F00A71761 /* Build configuration list for PBXNativeTarget "NotifyMe" */;
			buildPhases = (
				1F13226B199A908E00A71761 /* Sources */,
				1F13226C199A908E00A71761 /* Frameworks */,
				1F4BB197199A9FC300C521A7 /* ShellScript */,
				1F13226D199A908E00A71761 /* Resources */,
			);
			buildRules = (
			);
			dependencies = (
			);
			name = NotifyMe;
			productName = NotifyMe;
			productReference = 1F13226F199A908F00A71761 /* NotifyMe.app */;
			productType = "com.apple.product-type.application";
		};
		1F132292199A908F00A71761 /* NotifyMeTests */ = {
			isa = PBXNativeTarget;
			buildConfigurationList = 1F1322A7199A908F00A71761 /* Build configuration list for PBXNativeTarget "NotifyMeTests" */;
			buildPhases = (
				1F13228F199A908F00A71761 /* Sources */,
				1F132290199A908F00A71761 /* Frameworks */,
				1F132291199A908F00A71761 /* Resources */,
			);
			buildRules = (
			);
			dependencies = (
				1F132299199A908F00A71761 /* PBXTargetDependency */,
			);
			name = NotifyMeTests;
			productName = NotifyMeTests;
			productReference = 1F132293199A908F00A71761 /* NotifyMeTests.xctest */;
			productType = "com.apple.product-type.bundle.unit-test";
		};
/* End PBXNativeTarget section */

/* Begin PBXProject section */
		1F132267199A908E00A71761 /* Project object */ = {
			isa = PBXProject;
			attributes = {
				CLASSPREFIX = NM;
				LastUpgradeCheck = 0510;
				ORGANIZATIONNAME = ChaiOne;
				TargetAttributes = {
					1F13226E199A908E00A71761 = {
						SystemCapabilities = {
							com.apple.BackgroundModes = {
								enabled = 1;
							};
						};
					};
					1F132292199A908F00A71761 = {
						TestTargetID = 1F13226E199A908E00A71761;
					};
				};
			};
			buildConfigurationList = 1F13226A199A908E00A71761 /* Build configuration list for PBXProject "NotifyMe" */;
			compatibilityVersion = "Xcode 3.2";
			developmentRegion = English;
			hasScannedForEncodings = 0;
			knownRegions = (
				en,
				Base,
			);
			mainGroup = 1F132266199A908E00A71761;
			productRefGroup = 1F132270199A908F00A71761 /* Products */;
			projectDirPath = "";
			projectRoot = "";
			targets = (
				1F13226E199A908E00A71761 /* NotifyMe */,
				1F132292199A908F00A71761 /* NotifyMeTests */,
			);
		};
/* End PBXProject section */

/* Begin PBXResourcesBuildPhase section */
		1F13226D199A908E00A71761 /* Resources */ = {
			isa = PBXResourcesBuildPhase;
			buildActionMask = 2147483647;
			files = (
				1F4BB193199A950700C521A7 /* LICENSE in Resources */,
				1F13228E199A908F00A71761 /* Images.xcassets in Resources */,
				1F20A9D2199E82F400238890 /* Main_iPhone.storyboard in Resources */,
				1F4BB18F199A94FC00C521A7 /* README.md in Resources */,
				1F13227D199A908F00A71761 /* InfoPlist.strings in Resources */,
				1F4BB191199A950200C521A7 /* release_notes.md in Resources */,
			);
			runOnlyForDeploymentPostprocessing = 0;
		};
		1F132291199A908F00A71761 /* Resources */ = {
			isa = PBXResourcesBuildPhase;
			buildActionMask = 2147483647;
			files = (
				1F13229F199A908F00A71761 /* InfoPlist.strings in Resources */,
			);
			runOnlyForDeploymentPostprocessing = 0;
		};
/* End PBXResourcesBuildPhase section */

/* Begin PBXShellScriptBuildPhase section */
		1F4BB197199A9FC300C521A7 /* ShellScript */ = {
			isa = PBXShellScriptBuildPhase;
			buildActionMask = 2147483647;
			files = (
			);
			inputPaths = (
			);
			outputPaths = (
			);
			runOnlyForDeploymentPostprocessing = 0;
			shellPath = /bin/sh;
			shellScript = "#!/bin/bash\nbuildNumber=$(/usr/libexec/PlistBuddy -c \"Print CFBundleVersion\" \"$INFOPLIST_FILE\")\nbuildNumber=$(($buildNumber + 1))\n/usr/libexec/PlistBuddy -c \"Set :CFBundleVersion $buildNumber\" \"$INFOPLIST_FILE\"";
		};
/* End PBXShellScriptBuildPhase section */

/* Begin PBXSourcesBuildPhase section */
		1F13226B199A908E00A71761 /* Sources */ = {
			isa = PBXSourcesBuildPhase;
			buildActionMask = 2147483647;
			files = (
				1F386D6D199BBE0F000947D6 /* NMSendPushTableViewController.m in Sources */,
				1F4BB1A1199AA56800C521A7 /* NMAboutTableViewController.m in Sources */,
				1FF3281C199D5A5B00F4BE0B /* NMReceiveTableViewCell.m in Sources */,
				1F386D70199BBE23000947D6 /* NMReceiveTableViewController.m in Sources */,
				1FF32819199D562D00F4BE0B /* NMPushNotificationStore.m in Sources */,
				1F4BB19E199AA49300C521A7 /* NMTabBarController.m in Sources */,
				1F13227F199A908F00A71761 /* main.m in Sources */,
				1F386D73199BBFB8000947D6 /* NMPushNotification.m in Sources */,
				1F20A9D5199E87F500238890 /* NMReceiveDetailTableViewController.m in Sources */,
				1F132283199A908F00A71761 /* NMAppDelegate.m in Sources */,
				1F20A9CC199E5B0300238890 /* NMDeviceTableViewController.m in Sources */,
			);
			runOnlyForDeploymentPostprocessing = 0;
		};
		1F13228F199A908F00A71761 /* Sources */ = {
			isa = PBXSourcesBuildPhase;
			buildActionMask = 2147483647;
			files = (
				1F1322A1199A908F00A71761 /* NotifyMeTests.m in Sources */,
			);
			runOnlyForDeploymentPostprocessing = 0;
		};
/* End PBXSourcesBuildPhase section */

/* Begin PBXTargetDependency section */
		1F132299199A908F00A71761 /* PBXTargetDependency */ = {
			isa = PBXTargetDependency;
			target = 1F13226E199A908E00A71761 /* NotifyMe */;
			targetProxy = 1F132298199A908F00A71761 /* PBXContainerItemProxy */;
		};
/* End PBXTargetDependency section */

/* Begin PBXVariantGroup section */
		1F13227B199A908F00A71761 /* InfoPlist.strings */ = {
			isa = PBXVariantGroup;
			children = (
				1F13227C199A908F00A71761 /* en */,
			);
			name = InfoPlist.strings;
			sourceTree = "<group>";
		};
		1F13229D199A908F00A71761 /* InfoPlist.strings */ = {
			isa = PBXVariantGroup;
			children = (
				1F13229E199A908F00A71761 /* en */,
			);
			name = InfoPlist.strings;
			sourceTree = "<group>";
		};
/* End PBXVariantGroup section */

/* Begin XCBuildConfiguration section */
		1F1322A2199A908F00A71761 /* Debug */ = {
			isa = XCBuildConfiguration;
			buildSettings = {
				ALWAYS_SEARCH_USER_PATHS = NO;
				CLANG_CXX_LANGUAGE_STANDARD = "gnu++0x";
				CLANG_CXX_LIBRARY = "libc++";
				CLANG_ENABLE_MODULES = YES;
				CLANG_ENABLE_OBJC_ARC = YES;
				CLANG_WARN_BOOL_CONVERSION = YES;
				CLANG_WARN_CONSTANT_CONVERSION = YES;
				CLANG_WARN_DIRECT_OBJC_ISA_USAGE = YES_ERROR;
				CLANG_WARN_EMPTY_BODY = YES;
				CLANG_WARN_ENUM_CONVERSION = YES;
				CLANG_WARN_INT_CONVERSION = YES;
				CLANG_WARN_OBJC_ROOT_CLASS = YES_ERROR;
				CLANG_WARN__DUPLICATE_METHOD_MATCH = YES;
				"CODE_SIGN_IDENTITY[sdk=iphoneos*]" = "iPhone Developer";
				COPY_PHASE_STRIP = NO;
				GCC_C_LANGUAGE_STANDARD = gnu99;
				GCC_DYNAMIC_NO_PIC = NO;
				GCC_OPTIMIZATION_LEVEL = 0;
				GCC_PREPROCESSOR_DEFINITIONS = (
					"DEBUG=1",
					"$(inherited)",
				);
				GCC_SYMBOLS_PRIVATE_EXTERN = NO;
				GCC_WARN_64_TO_32_BIT_CONVERSION = YES;
				GCC_WARN_ABOUT_RETURN_TYPE = YES_ERROR;
				GCC_WARN_UNDECLARED_SELECTOR = YES;
				GCC_WARN_UNINITIALIZED_AUTOS = YES_AGGRESSIVE;
				GCC_WARN_UNUSED_FUNCTION = YES;
				GCC_WARN_UNUSED_VARIABLE = YES;
				IPHONEOS_DEPLOYMENT_TARGET = 7.1;
				ONLY_ACTIVE_ARCH = YES;
				SDKROOT = iphoneos;
				TARGETED_DEVICE_FAMILY = "1,2";
			};
			name = Debug;
		};
		1F1322A3199A908F00A71761 /* Release */ = {
			isa = XCBuildConfiguration;
			buildSettings = {
				ALWAYS_SEARCH_USER_PATHS = NO;
				CLANG_CXX_LANGUAGE_STANDARD = "gnu++0x";
				CLANG_CXX_LIBRARY = "libc++";
				CLANG_ENABLE_MODULES = YES;
				CLANG_ENABLE_OBJC_ARC = YES;
				CLANG_WARN_BOOL_CONVERSION = YES;
				CLANG_WARN_CONSTANT_CONVERSION = YES;
				CLANG_WARN_DIRECT_OBJC_ISA_USAGE = YES_ERROR;
				CLANG_WARN_EMPTY_BODY = YES;
				CLANG_WARN_ENUM_CONVERSION = YES;
				CLANG_WARN_INT_CONVERSION = YES;
				CLANG_WARN_OBJC_ROOT_CLASS = YES_ERROR;
				CLANG_WARN__DUPLICATE_METHOD_MATCH = YES;
				"CODE_SIGN_IDENTITY[sdk=iphoneos*]" = "iPhone Developer";
				COPY_PHASE_STRIP = YES;
				ENABLE_NS_ASSERTIONS = NO;
				GCC_C_LANGUAGE_STANDARD = gnu99;
				GCC_WARN_64_TO_32_BIT_CONVERSION = YES;
				GCC_WARN_ABOUT_RETURN_TYPE = YES_ERROR;
				GCC_WARN_UNDECLARED_SELECTOR = YES;
				GCC_WARN_UNINITIALIZED_AUTOS = YES_AGGRESSIVE;
				GCC_WARN_UNUSED_FUNCTION = YES;
				GCC_WARN_UNUSED_VARIABLE = YES;
				IPHONEOS_DEPLOYMENT_TARGET = 7.1;
				SDKROOT = iphoneos;
				TARGETED_DEVICE_FAMILY = "1,2";
				VALIDATE_PRODUCT = YES;
			};
			name = Release;
		};
		1F1322A5199A908F00A71761 /* Debug */ = {
			isa = XCBuildConfiguration;
			buildSettings = {
				ASSETCATALOG_COMPILER_APPICON_NAME = AppIcon;
				ASSETCATALOG_COMPILER_LAUNCHIMAGE_NAME = LaunchImage;
				FRAMEWORK_SEARCH_PATHS = (
					"$(inherited)",
					"$(PROJECT_DIR)",
				);
				GCC_PRECOMPILE_PREFIX_HEADER = YES;
				GCC_PREFIX_HEADER = "NotifyMe/NotifyMe-Prefix.pch";
				INFOPLIST_FILE = "NotifyMe/NotifyMe-Info.plist";
				PRODUCT_NAME = "$(TARGET_NAME)";
				WRAPPER_EXTENSION = app;
			};
			name = Debug;
		};
		1F1322A6199A908F00A71761 /* Release */ = {
			isa = XCBuildConfiguration;
			buildSettings = {
				ASSETCATALOG_COMPILER_APPICON_NAME = AppIcon;
				ASSETCATALOG_COMPILER_LAUNCHIMAGE_NAME = LaunchImage;
				FRAMEWORK_SEARCH_PATHS = (
					"$(inherited)",
					"$(PROJECT_DIR)",
				);
				GCC_PRECOMPILE_PREFIX_HEADER = YES;
				GCC_PREFIX_HEADER = "NotifyMe/NotifyMe-Prefix.pch";
				INFOPLIST_FILE = "NotifyMe/NotifyMe-Info.plist";
				PRODUCT_NAME = "$(TARGET_NAME)";
				WRAPPER_EXTENSION = app;
			};
			name = Release;
		};
		1F1322A8199A908F00A71761 /* Debug */ = {
			isa = XCBuildConfiguration;
			buildSettings = {
				BUNDLE_LOADER = "$(BUILT_PRODUCTS_DIR)/NotifyMe.app/NotifyMe";
				FRAMEWORK_SEARCH_PATHS = (
					"$(SDKROOT)/Developer/Library/Frameworks",
					"$(inherited)",
					"$(DEVELOPER_FRAMEWORKS_DIR)",
				);
				GCC_PRECOMPILE_PREFIX_HEADER = YES;
				GCC_PREFIX_HEADER = "NotifyMe/NotifyMe-Prefix.pch";
				GCC_PREPROCESSOR_DEFINITIONS = (
					"DEBUG=1",
					"$(inherited)",
				);
				INFOPLIST_FILE = "NotifyMeTests/NotifyMeTests-Info.plist";
				PRODUCT_NAME = "$(TARGET_NAME)";
				TEST_HOST = "$(BUNDLE_LOADER)";
				WRAPPER_EXTENSION = xctest;
			};
			name = Debug;
		};
		1F1322A9199A908F00A71761 /* Release */ = {
			isa = XCBuildConfiguration;
			buildSettings = {
				BUNDLE_LOADER = "$(BUILT_PRODUCTS_DIR)/NotifyMe.app/NotifyMe";
				FRAMEWORK_SEARCH_PATHS = (
					"$(SDKROOT)/Developer/Library/Frameworks",
					"$(inherited)",
					"$(DEVELOPER_FRAMEWORKS_DIR)",
				);
				GCC_PRECOMPILE_PREFIX_HEADER = YES;
				GCC_PREFIX_HEADER = "NotifyMe/NotifyMe-Prefix.pch";
				INFOPLIST_FILE = "NotifyMeTests/NotifyMeTests-Info.plist";
				PRODUCT_NAME = "$(TARGET_NAME)";
				TEST_HOST = "$(BUNDLE_LOADER)";
				WRAPPER_EXTENSION = xctest;
			};
			name = Release;
		};
/* End XCBuildConfiguration section */

/* Begin XCConfigurationList section */
		1F13226A199A908E00A71761 /* Build configuration list for PBXProject "NotifyMe" */ = {
			isa = XCConfigurationList;
			buildConfigurations = (
				1F1322A2199A908F00A71761 /* Debug */,
				1F1322A3199A908F00A71761 /* Release */,
			);
			defaultConfigurationIsVisible = 0;
			defaultConfigurationName = Release;
		};
		1F1322A4199A908F00A71761 /* Build configuration list for PBXNativeTarget "NotifyMe" */ = {
			isa = XCConfigurationList;
			buildConfigurations = (
				1F1322A5199A908F00A71761 /* Debug */,
				1F1322A6199A908F00A71761 /* Release */,
			);
			defaultConfigurationIsVisible = 0;
			defaultConfigurationName = Release;
		};
		1F1322A7199A908F00A71761 /* Build configuration list for PBXNativeTarget "NotifyMeTests" */ = {
			isa = XCConfigurationList;
			buildConfigurations = (
				1F1322A8199A908F00A71761 /* Debug */,
				1F1322A9199A908F00A71761 /* Release */,
			);
			defaultConfigurationIsVisible = 0;
			defaultConfigurationName = Release;
		};
/* End XCConfigurationList section */
	};
	rootObject = 1F132267199A908E00A71761 /* Project object */;
}
